PODS:
  - AFNetworking (3.2.1):
    - AFNetworking/NSURLSession (= 3.2.1)
    - AFNetworking/Reachability (= 3.2.1)
    - AFNetworking/Security (= 3.2.1)
    - AFNetworking/Serialization (= 3.2.1)
    - AFNetworking/UIKit (= 3.2.1)
  - AFNetworking/NSURLSession (3.2.1):
    - AFNetworking/Reachability
    - AFNetworking/Security
    - AFNetworking/Serialization
  - AFNetworking/Reachability (3.2.1)
  - AFNetworking/Security (3.2.1)
  - AFNetworking/Serialization (3.2.1)
  - AFNetworking/UIKit (3.2.1):
    - AFNetworking/NSURLSession
  - FBSnapshotTestCase (2.1.4):
    - FBSnapshotTestCase/SwiftSupport (= 2.1.4)
  - FBSnapshotTestCase/Core (2.1.4)
  - FBSnapshotTestCase/SwiftSupport (2.1.4):
    - FBSnapshotTestCase/Core
  - HZFrameWork (1.0.5):
    - HZFrameWork/HZEmptyView (= 1.0.5)
    - HZFrameWork/HZNetworking (= 1.0.5)
    - HZFrameWork/HZPageView (= 1.0.5)
    - SDWebImage
  - HZFrameWork/HZEmptyView (1.0.5):
    - Masonry
    - SDWebImage
  - HZFrameWork/HZNetworking (1.0.5):
    - AFNetworking
    - SDWebImage
  - HZFrameWork/HZPageView (1.0.5):
    - Masonry
    - SDWebImage
  - Masonry (1.1.0)
  - SDWebImage (4.4.2):
    - SDWebImage/Core (= 4.4.2)
  - SDWebImage/Core (4.4.2)

DEPENDENCIES:
  - FBSnapshotTestCase
  - HZFrameWork (from `../`)

SPEC REPOS:
  https://github.com/cocoapods/specs.git:
    - AFNetworking
    - FBSnapshotTestCase
    - Masonry
    - SDWebImage

EXTERNAL SOURCES:
  HZFrameWork:
    :path: "../"

SPEC CHECKSUMS:
  AFNetworking: b6f891fdfaed196b46c7a83cf209e09697b94057
  FBSnapshotTestCase: 094f9f314decbabe373b87cc339bea235a63e07a
  HZFrameWork: 26ba10c1701c227b2d6d8873c0ec0c1572c8e45e
  Masonry: 678fab65091a9290e40e2832a55e7ab731aad201
  SDWebImage: 624d6e296c69b244bcede364c72ae0430ac14681

PODFILE CHECKSUM: 88511265e4b4847e5d5053b67ca57d5f670fd56a

COCOAPODS: 1.5.3
