PODS:
  - AFNetworking (3.2.1):
    - AFNetworking/NSURLSession (= 3.2.1)
    - AFNetworking/Reachability (= 3.2.1)
    - AFNetworking/Security (= 3.2.1)
    - AFNetworking/Serialization (= 3.2.1)
    - AFNetworking/UIKit (= 3.2.1)
  - AFNetworking/NSURLSession (3.2.1):
    - AFNetworking/Reachability
    - AFNetworking/Security
    - AFNetworking/Serialization
  - AFNetworking/Reachability (3.2.1)
  - AFNetworking/Security (3.2.1)
  - AFNetworking/Serialization (3.2.1)
  - AFNetworking/UIKit (3.2.1):
    - AFNetworking/NSURLSession
  - HZFrameWork (1.0.6):
    - HZFrameWork/HZEmptyView (= 1.0.6)
    - HZFrameWork/HZNetworking (= 1.0.6)
    - HZFrameWork/HZPageView (= 1.0.6)
    - SDWebImage
  - HZFrameWork/HZEmptyView (1.0.6):
    - Masonry
    - SDWebImage
  - HZFrameWork/HZNetworking (1.0.6):
    - AFNetworking
    - SDWebImage
  - HZFrameWork/HZPageView (1.0.6):
    - Masonry
    - SDWebImage
  - Masonry (1.1.0)
  - SDWebImage (4.4.2):
    - SDWebImage/Core (= 4.4.2)
  - SDWebImage/Core (4.4.2)

DEPENDENCIES:
  - HZFrameWork (from `../`)

SPEC REPOS:
  https://github.com/cocoapods/specs.git:
    - AFNetworking
    - Masonry
    - SDWebImage

EXTERNAL SOURCES:
  HZFrameWork:
    :path: "../"

SPEC CHECKSUMS:
  AFNetworking: b6f891fdfaed196b46c7a83cf209e09697b94057
  HZFrameWork: c22da235620bdbddadb553c0272910772c32d04a
  Masonry: 678fab65091a9290e40e2832a55e7ab731aad201
  SDWebImage: 624d6e296c69b244bcede364c72ae0430ac14681

PODFILE CHECKSUM: b7e37cdd0694271416df58c9336f9ab2b9ed369d

COCOAPODS: 1.6.0.beta.2
