// !$*UTF8*$!
{
	archiveVersion = 1;
	classes = {
	};
	objectVersion = 46;
	objects = {

/* Begin PBXBuildFile section */
		429C604625FB5B67A39850AC /* Pods_HZFrameWork_Tests.framework in Frameworks */ = {isa = PBXBuildFile; fileRef = 9C6F7DCE904757C767F632EF /* Pods_HZFrameWork_Tests.framework */; };
		6003F58E195388D20070C39A /* Foundation.framework in Frameworks */ = {isa = PBXBuildFile; fileRef = 6003F58D195388D20070C39A /* Foundation.framework */; };
		6003F590195388D20070C39A /* CoreGraphics.framework in Frameworks */ = {isa = PBXBuildFile; fileRef = 6003F58F195388D20070C39A /* CoreGraphics.framework */; };
		6003F592195388D20070C39A /* UIKit.framework in Frameworks */ = {isa = PBXBuildFile; fileRef = 6003F591195388D20070C39A /* UIKit.framework */; };
		6003F598195388D20070C39A /* InfoPlist.strings in Resources */ = {isa = PBXBuildFile; fileRef = 6003F596195388D20070C39A /* InfoPlist.strings */; };
		6003F59A195388D20070C39A /* main.m in Sources */ = {isa = PBXBuildFile; fileRef = 6003F599195388D20070C39A /* main.m */; };
		6003F59E195388D20070C39A /* AppDelegate.m in Sources */ = {isa = PBXBuildFile; fileRef = 6003F59D195388D20070C39A /* AppDelegate.m */; };
		6003F5A9195388D20070C39A /* Images.xcassets in Resources */ = {isa = PBXBuildFile; fileRef = 6003F5A8195388D20070C39A /* Images.xcassets */; };
		6003F5B0195388D20070C39A /* XCTest.framework in Frameworks */ = {isa = PBXBuildFile; fileRef = 6003F5AF195388D20070C39A /* XCTest.framework */; };
		6003F5B1195388D20070C39A /* Foundation.framework in Frameworks */ = {isa = PBXBuildFile; fileRef = 6003F58D195388D20070C39A /* Foundation.framework */; };
		6003F5B2195388D20070C39A /* UIKit.framework in Frameworks */ = {isa = PBXBuildFile; fileRef = 6003F591195388D20070C39A /* UIKit.framework */; };
		6003F5BA195388D20070C39A /* InfoPlist.strings in Resources */ = {isa = PBXBuildFile; fileRef = 6003F5B8195388D20070C39A /* InfoPlist.strings */; };
		6003F5BC195388D20070C39A /* Tests.m in Sources */ = {isa = PBXBuildFile; fileRef = 6003F5BB195388D20070C39A /* Tests.m */; };
		71719F9F1E33DC2100824A3D /* LaunchScreen.storyboard in Resources */ = {isa = PBXBuildFile; fileRef = 71719F9D1E33DC2100824A3D /* LaunchScreen.storyboard */; };
		873B8AEB1B1F5CCA007FD442 /* Main.storyboard in Resources */ = {isa = PBXBuildFile; fileRef = 873B8AEA1B1F5CCA007FD442 /* Main.storyboard */; };
		9B2CCDCC2178306700A3AAC8 /* HZNetWorkSettingViewController.m in Sources */ = {isa = PBXBuildFile; fileRef = 9B2CCDCB2178306700A3AAC8 /* HZNetWorkSettingViewController.m */; };
		9B2CCDCF2178349300A3AAC8 /* HZoffLineDownLoadViewController.m in Sources */ = {isa = PBXBuildFile; fileRef = 9B2CCDCE2178349300A3AAC8 /* HZoffLineDownLoadViewController.m */; };
		9B2CCDD2217866F900A3AAC8 /* HZDetailViewController.m in Sources */ = {isa = PBXBuildFile; fileRef = 9B2CCDD1217866F900A3AAC8 /* HZDetailViewController.m */; };
		9BBBA60D21760C8100C3CF6B /* HZCollectionViewController.m in Sources */ = {isa = PBXBuildFile; fileRef = 9BBBA60921760C8000C3CF6B /* HZCollectionViewController.m */; };
		9BBBA60E21760C8100C3CF6B /* HZTableViewController.m in Sources */ = {isa = PBXBuildFile; fileRef = 9BBBA60C21760C8000C3CF6B /* HZTableViewController.m */; };
		9BBBA61121760DC400C3CF6B /* UIView+Frame.m in Sources */ = {isa = PBXBuildFile; fileRef = 9BBBA61021760DC400C3CF6B /* UIView+Frame.m */; };
		9BBBA6572176DBA900C3CF6B /* BaseViewController.m in Sources */ = {isa = PBXBuildFile; fileRef = 9BBBA6562176DBA900C3CF6B /* BaseViewController.m */; };
		9BBBA65B2176DE3B00C3CF6B /* BaseTabBar.m in Sources */ = {isa = PBXBuildFile; fileRef = 9BBBA65A2176DE3B00C3CF6B /* BaseTabBar.m */; };
		9BBBA65E2176DF9000C3CF6B /* UITabBar+CustomBadge.m in Sources */ = {isa = PBXBuildFile; fileRef = 9BBBA65D2176DF9000C3CF6B /* UITabBar+CustomBadge.m */; };
		9BBBA6612176E4E900C3CF6B /* BaseTabBarController.m in Sources */ = {isa = PBXBuildFile; fileRef = 9BBBA6602176E4E900C3CF6B /* BaseTabBarController.m */; };
		9BBBA6682176E68200C3CF6B /* HZHomeViewController.m in Sources */ = {isa = PBXBuildFile; fileRef = 9BBBA6672176E68200C3CF6B /* HZHomeViewController.m */; };
		9BBBA66B2176E69500C3CF6B /* HZDiscoverViewController.m in Sources */ = {isa = PBXBuildFile; fileRef = 9BBBA66A2176E69500C3CF6B /* HZDiscoverViewController.m */; };
		9BBBA66E2176E6A200C3CF6B /* HZMessageViewController.m in Sources */ = {isa = PBXBuildFile; fileRef = 9BBBA66D2176E6A200C3CF6B /* HZMessageViewController.m */; };
		9BBBA6712176E6AC00C3CF6B /* HZMineViewController.m in Sources */ = {isa = PBXBuildFile; fileRef = 9BBBA6702176E6AC00C3CF6B /* HZMineViewController.m */; };
		9BBBA6742176E7A300C3CF6B /* BaseNavigationController.m in Sources */ = {isa = PBXBuildFile; fileRef = 9BBBA6732176E7A300C3CF6B /* BaseNavigationController.m */; };
		9BBBA69E2176EFCA00C3CF6B /* rain.png in Resources */ = {isa = PBXBuildFile; fileRef = 9BBBA6752176EFC900C3CF6B /* rain.png */; };
		9BBBA69F2176EFCA00C3CF6B /* DazFire.png in Resources */ = {isa = PBXBuildFile; fileRef = 9BBBA6762176EFC900C3CF6B /* DazFire.png */; };
		9BBBA6A02176EFCA00C3CF6B /* snow.png in Resources */ = {isa = PBXBuildFile; fileRef = 9BBBA6772176EFC900C3CF6B /* snow.png */; };
		9BBBA6A12176EFCA00C3CF6B /* icon_tabbar_onsite_new@2x.png in Resources */ = {isa = PBXBuildFile; fileRef = 9BBBA6792176EFCA00C3CF6B /* icon_tabbar_onsite_new@2x.png */; };
		9BBBA6A22176EFCA00C3CF6B /* icon_tabbar_nearby_selected.png in Resources */ = {isa = PBXBuildFile; fileRef = 9BBBA67A2176EFCA00C3CF6B /* icon_tabbar_nearby_selected.png */; };
		9BBBA6A32176EFCA00C3CF6B /* icon_tabbar_merchant_selected.png in Resources */ = {isa = PBXBuildFile; fileRef = 9BBBA67B2176EFCA00C3CF6B /* icon_tabbar_merchant_selected.png */; };
		9BBBA6A42176EFCA00C3CF6B /* icon_tabbar_homepage_selected.png in Resources */ = {isa = PBXBuildFile; fileRef = 9BBBA67C2176EFCA00C3CF6B /* icon_tabbar_homepage_selected.png */; };
		9BBBA6A52176EFCB00C3CF6B /* icon_tabbar_discovery_selected.png in Resources */ = {isa = PBXBuildFile; fileRef = 9BBBA67D2176EFCA00C3CF6B /* icon_tabbar_discovery_selected.png */; };
		9BBBA6A62176EFCB00C3CF6B /* icon_tabbar_merchant_selected@2x.png in Resources */ = {isa = PBXBuildFile; fileRef = 9BBBA67E2176EFCA00C3CF6B /* icon_tabbar_merchant_selected@2x.png */; };
		9BBBA6A72176EFCB00C3CF6B /* icon_tabbar_homepage@2x.png in Resources */ = {isa = PBXBuildFile; fileRef = 9BBBA67F2176EFCA00C3CF6B /* icon_tabbar_homepage@2x.png */; };
		9BBBA6A82176EFCB00C3CF6B /* icon_tabbar_misc_selected@2x.png in Resources */ = {isa = PBXBuildFile; fileRef = 9BBBA6802176EFCA00C3CF6B /* icon_tabbar_misc_selected@2x.png */; };
		9BBBA6A92176EFCB00C3CF6B /* icon_tabbar_misc.png in Resources */ = {isa = PBXBuildFile; fileRef = 9BBBA6812176EFCA00C3CF6B /* icon_tabbar_misc.png */; };
		9BBBA6AA2176EFCB00C3CF6B /* icon_tabbar_misc_selected.png in Resources */ = {isa = PBXBuildFile; fileRef = 9BBBA6822176EFCA00C3CF6B /* icon_tabbar_misc_selected.png */; };
		9BBBA6AB2176EFCB00C3CF6B /* icon_tabbar_onsite_selected@2x.png in Resources */ = {isa = PBXBuildFile; fileRef = 9BBBA6832176EFCA00C3CF6B /* icon_tabbar_onsite_selected@2x.png */; };
		9BBBA6AC2176EFCB00C3CF6B /* icon_tabbar_mine@2x.png in Resources */ = {isa = PBXBuildFile; fileRef = 9BBBA6842176EFCA00C3CF6B /* icon_tabbar_mine@2x.png */; };
		9BBBA6AD2176EFCB00C3CF6B /* icon_tabbar_mine_selected@2x.png in Resources */ = {isa = PBXBuildFile; fileRef = 9BBBA6852176EFCA00C3CF6B /* icon_tabbar_mine_selected@2x.png */; };
		9BBBA6AE2176EFCB00C3CF6B /* icon_tabbar_discovery.png in Resources */ = {isa = PBXBuildFile; fileRef = 9BBBA6862176EFCA00C3CF6B /* icon_tabbar_discovery.png */; };
		9BBBA6AF2176EFCB00C3CF6B /* icon_tabbar_nearby.png in Resources */ = {isa = PBXBuildFile; fileRef = 9BBBA6872176EFCA00C3CF6B /* icon_tabbar_nearby.png */; };
		9BBBA6B02176EFCB00C3CF6B /* LCTabBarBadge@2x.png in Resources */ = {isa = PBXBuildFile; fileRef = 9BBBA6882176EFCA00C3CF6B /* LCTabBarBadge@2x.png */; };
		9BBBA6B12176EFCB00C3CF6B /* icon_tabbar_homepage_selected@2x.png in Resources */ = {isa = PBXBuildFile; fileRef = 9BBBA6892176EFCA00C3CF6B /* icon_tabbar_homepage_selected@2x.png */; };
		9BBBA6B22176EFCB00C3CF6B /* icon_tabbar_onsite@2x.png in Resources */ = {isa = PBXBuildFile; fileRef = 9BBBA68A2176EFCA00C3CF6B /* icon_tabbar_onsite@2x.png */; };
		9BBBA6B32176EFCB00C3CF6B /* icon_tabbar_mine.png in Resources */ = {isa = PBXBuildFile; fileRef = 9BBBA68B2176EFCA00C3CF6B /* icon_tabbar_mine.png */; };
		9BBBA6B42176EFCB00C3CF6B /* icon_tabbar_homepage.png in Resources */ = {isa = PBXBuildFile; fileRef = 9BBBA68C2176EFCA00C3CF6B /* icon_tabbar_homepage.png */; };
		9BBBA6B52176EFCB00C3CF6B /* icon_tabbar_merchant_normal.png in Resources */ = {isa = PBXBuildFile; fileRef = 9BBBA68D2176EFCA00C3CF6B /* icon_tabbar_merchant_normal.png */; };
		9BBBA6B62176EFCB00C3CF6B /* icon_tabbar_merchant_normal@2x.png in Resources */ = {isa = PBXBuildFile; fileRef = 9BBBA68E2176EFCA00C3CF6B /* icon_tabbar_merchant_normal@2x.png */; };
		9BBBA6B72176EFCB00C3CF6B /* icon_tabbar_misc@2x.png in Resources */ = {isa = PBXBuildFile; fileRef = 9BBBA68F2176EFCA00C3CF6B /* icon_tabbar_misc@2x.png */; };
		9BBBA6B82176EFCB00C3CF6B /* icon_tabbar_mine_selected.png in Resources */ = {isa = PBXBuildFile; fileRef = 9BBBA6902176EFCA00C3CF6B /* icon_tabbar_mine_selected.png */; };
		9BBBA6B92176EFCB00C3CF6B /* back_icon@3x.png in Resources */ = {isa = PBXBuildFile; fileRef = 9BBBA6912176EFCA00C3CF6B /* back_icon@3x.png */; };
		9BBBA6BA2176EFCB00C3CF6B /* MBHUD_Success@2x.png in Resources */ = {isa = PBXBuildFile; fileRef = 9BBBA6932176EFCA00C3CF6B /* MBHUD_Success@2x.png */; };
		9BBBA6BB2176EFCB00C3CF6B /* MBHUD_Info@3x.png in Resources */ = {isa = PBXBuildFile; fileRef = 9BBBA6942176EFCA00C3CF6B /* MBHUD_Info@3x.png */; };
		9BBBA6BC2176EFCB00C3CF6B /* MBHUD_Info@2x.png in Resources */ = {isa = PBXBuildFile; fileRef = 9BBBA6952176EFCA00C3CF6B /* MBHUD_Info@2x.png */; };
		9BBBA6BD2176EFCB00C3CF6B /* MBHUD_Success@3x.png in Resources */ = {isa = PBXBuildFile; fileRef = 9BBBA6962176EFCA00C3CF6B /* MBHUD_Success@3x.png */; };
		9BBBA6BE2176EFCB00C3CF6B /* MBHUD_Error@2x.png in Resources */ = {isa = PBXBuildFile; fileRef = 9BBBA6972176EFCA00C3CF6B /* MBHUD_Error@2x.png */; };
		9BBBA6BF2176EFCB00C3CF6B /* MBHUD_Warn@3x.png in Resources */ = {isa = PBXBuildFile; fileRef = 9BBBA6982176EFCA00C3CF6B /* MBHUD_Warn@3x.png */; };
		9BBBA6C02176EFCB00C3CF6B /* MBHUD_Warn@2x.png in Resources */ = {isa = PBXBuildFile; fileRef = 9BBBA6992176EFCA00C3CF6B /* MBHUD_Warn@2x.png */; };
		9BBBA6C12176EFCB00C3CF6B /* MBHUD_Error@3x.png in Resources */ = {isa = PBXBuildFile; fileRef = 9BBBA69A2176EFCA00C3CF6B /* MBHUD_Error@3x.png */; };
		9BBBA6C22176EFCB00C3CF6B /* close_icon@3x.png in Resources */ = {isa = PBXBuildFile; fileRef = 9BBBA69B2176EFCA00C3CF6B /* close_icon@3x.png */; };
		9BBBA6C32176EFCB00C3CF6B /* close_icon@2x.png in Resources */ = {isa = PBXBuildFile; fileRef = 9BBBA69C2176EFCA00C3CF6B /* close_icon@2x.png */; };
		9BBBA6C42176EFCB00C3CF6B /* back_icon@2x.png in Resources */ = {isa = PBXBuildFile; fileRef = 9BBBA69D2176EFCA00C3CF6B /* back_icon@2x.png */; };
		9BBBA6CD2176F6D200C3CF6B /* AppDelegate+AppService.m in Sources */ = {isa = PBXBuildFile; fileRef = 9BBBA6CC2176F6D200C3CF6B /* AppDelegate+AppService.m */; };
		9BBBA6D02176F6F600C3CF6B /* AppDelegate+PushService.m in Sources */ = {isa = PBXBuildFile; fileRef = 9BBBA6CF2176F6F600C3CF6B /* AppDelegate+PushService.m */; };
		9BBBA6D42177073000C3CF6B /* HZNetworkViewController.m in Sources */ = {isa = PBXBuildFile; fileRef = 9BBBA6D32177073000C3CF6B /* HZNetworkViewController.m */; };
		9BBBA6D72177089F00C3CF6B /* HZNetworkModel.m in Sources */ = {isa = PBXBuildFile; fileRef = 9BBBA6D62177089F00C3CF6B /* HZNetworkModel.m */; };
		9BBBA6DA21770BC600C3CF6B /* UIImage+Category.m in Sources */ = {isa = PBXBuildFile; fileRef = 9BBBA6D921770BC600C3CF6B /* UIImage+Category.m */; };
		9BBBA6DF2177140800C3CF6B /* UIView+Category.m in Sources */ = {isa = PBXBuildFile; fileRef = 9BBBA6DE2177140800C3CF6B /* UIView+Category.m */; };
		9BBBA6E9217724EE00C3CF6B /* HZNetWorkDownLoadViewController.m in Sources */ = {isa = PBXBuildFile; fileRef = 9BBBA6E8217724EE00C3CF6B /* HZNetWorkDownLoadViewController.m */; };
		9BBBA6EB21772E3D00C3CF6B /* testImage.jpg in Resources */ = {isa = PBXBuildFile; fileRef = 9BBBA6EA21772E3C00C3CF6B /* testImage.jpg */; };
		A02D225768E26CE887C1F0C6 /* Pods_HZFrameWork_Example.framework in Frameworks */ = {isa = PBXBuildFile; fileRef = BAF9472C2635CB548E61EB1F /* Pods_HZFrameWork_Example.framework */; };
/* End PBXBuildFile section */

/* Begin PBXContainerItemProxy section */
		6003F5B3195388D20070C39A /* PBXContainerItemProxy */ = {
			isa = PBXContainerItemProxy;
			containerPortal = 6003F582195388D10070C39A /* Project object */;
			proxyType = 1;
			remoteGlobalIDString = 6003F589195388D20070C39A;
			remoteInfo = HZFrameWork;
		};
/* End PBXContainerItemProxy section */

/* Begin PBXFileReference section */
		1912641E6E0D20B7C8948918 /* Pods-HZFrameWork_Tests.release.xcconfig */ = {isa = PBXFileReference; includeInIndex = 1; lastKnownFileType = text.xcconfig; name = "Pods-HZFrameWork_Tests.release.xcconfig"; path = "Pods/Target Support Files/Pods-HZFrameWork_Tests/Pods-HZFrameWork_Tests.release.xcconfig"; sourceTree = "<group>"; };
		1E6FB97D4800A461106B5A87 /* Pods-HZFrameWork_Example.debug.xcconfig */ = {isa = PBXFileReference; includeInIndex = 1; lastKnownFileType = text.xcconfig; name = "Pods-HZFrameWork_Example.debug.xcconfig"; path = "Pods/Target Support Files/Pods-HZFrameWork_Example/Pods-HZFrameWork_Example.debug.xcconfig"; sourceTree = "<group>"; };
		4FF1222717D1DF51ECD5C667 /* README.md */ = {isa = PBXFileReference; includeInIndex = 1; lastKnownFileType = net.daringfireball.markdown; name = README.md; path = ../README.md; sourceTree = "<group>"; };
		6003F58A195388D20070C39A /* HZFrameWork_Example.app */ = {isa = PBXFileReference; explicitFileType = wrapper.application; includeInIndex = 0; path = HZFrameWork_Example.app; sourceTree = BUILT_PRODUCTS_DIR; };
		6003F58D195388D20070C39A /* Foundation.framework */ = {isa = PBXFileReference; lastKnownFileType = wrapper.framework; name = Foundation.framework; path = System/Library/Frameworks/Foundation.framework; sourceTree = SDKROOT; };
		6003F58F195388D20070C39A /* CoreGraphics.framework */ = {isa = PBXFileReference; lastKnownFileType = wrapper.framework; name = CoreGraphics.framework; path = System/Library/Frameworks/CoreGraphics.framework; sourceTree = SDKROOT; };
		6003F591195388D20070C39A /* UIKit.framework */ = {isa = PBXFileReference; lastKnownFileType = wrapper.framework; name = UIKit.framework; path = System/Library/Frameworks/UIKit.framework; sourceTree = SDKROOT; };
		6003F595195388D20070C39A /* HZFrameWork-Info.plist */ = {isa = PBXFileReference; lastKnownFileType = text.plist.xml; path = "HZFrameWork-Info.plist"; sourceTree = "<group>"; };
		6003F597195388D20070C39A /* en */ = {isa = PBXFileReference; lastKnownFileType = text.plist.strings; name = en; path = en.lproj/InfoPlist.strings; sourceTree = "<group>"; };
		6003F599195388D20070C39A /* main.m */ = {isa = PBXFileReference; lastKnownFileType = sourcecode.c.objc; path = main.m; sourceTree = "<group>"; };
		6003F59B195388D20070C39A /* HZFrameWork-Prefix.pch */ = {isa = PBXFileReference; lastKnownFileType = sourcecode.c.h; path = "HZFrameWork-Prefix.pch"; sourceTree = "<group>"; };
		6003F59C195388D20070C39A /* AppDelegate.h */ = {isa = PBXFileReference; lastKnownFileType = sourcecode.c.h; path = AppDelegate.h; sourceTree = "<group>"; };
		6003F59D195388D20070C39A /* AppDelegate.m */ = {isa = PBXFileReference; lastKnownFileType = sourcecode.c.objc; path = AppDelegate.m; sourceTree = "<group>"; };
		6003F5A8195388D20070C39A /* Images.xcassets */ = {isa = PBXFileReference; lastKnownFileType = folder.assetcatalog; path = Images.xcassets; sourceTree = "<group>"; };
		6003F5AE195388D20070C39A /* HZFrameWork_Tests.xctest */ = {isa = PBXFileReference; explicitFileType = wrapper.cfbundle; includeInIndex = 0; path = HZFrameWork_Tests.xctest; sourceTree = BUILT_PRODUCTS_DIR; };
		6003F5AF195388D20070C39A /* XCTest.framework */ = {isa = PBXFileReference; lastKnownFileType = wrapper.framework; name = XCTest.framework; path = Library/Frameworks/XCTest.framework; sourceTree = DEVELOPER_DIR; };
		6003F5B7195388D20070C39A /* Tests-Info.plist */ = {isa = PBXFileReference; lastKnownFileType = text.plist.xml; path = "Tests-Info.plist"; sourceTree = "<group>"; };
		6003F5B9195388D20070C39A /* en */ = {isa = PBXFileReference; lastKnownFileType = text.plist.strings; name = en; path = en.lproj/InfoPlist.strings; sourceTree = "<group>"; };
		6003F5BB195388D20070C39A /* Tests.m */ = {isa = PBXFileReference; lastKnownFileType = sourcecode.c.objc; path = Tests.m; sourceTree = "<group>"; };
		606FC2411953D9B200FFA9A0 /* Tests-Prefix.pch */ = {isa = PBXFileReference; lastKnownFileType = sourcecode.c.h; path = "Tests-Prefix.pch"; sourceTree = "<group>"; };
		71719F9E1E33DC2100824A3D /* Base */ = {isa = PBXFileReference; lastKnownFileType = file.storyboard; name = Base; path = Base.lproj/LaunchScreen.storyboard; sourceTree = "<group>"; };
		873B8AEA1B1F5CCA007FD442 /* Main.storyboard */ = {isa = PBXFileReference; fileEncoding = 4; lastKnownFileType = file.storyboard; name = Main.storyboard; path = Base.lproj/Main.storyboard; sourceTree = "<group>"; };
		9B2CCDCA2178306700A3AAC8 /* HZNetWorkSettingViewController.h */ = {isa = PBXFileReference; lastKnownFileType = sourcecode.c.h; path = HZNetWorkSettingViewController.h; sourceTree = "<group>"; };
		9B2CCDCB2178306700A3AAC8 /* HZNetWorkSettingViewController.m */ = {isa = PBXFileReference; lastKnownFileType = sourcecode.c.objc; path = HZNetWorkSettingViewController.m; sourceTree = "<group>"; };
		9B2CCDCD2178349300A3AAC8 /* HZoffLineDownLoadViewController.h */ = {isa = PBXFileReference; lastKnownFileType = sourcecode.c.h; path = HZoffLineDownLoadViewController.h; sourceTree = "<group>"; };
		9B2CCDCE2178349300A3AAC8 /* HZoffLineDownLoadViewController.m */ = {isa = PBXFileReference; lastKnownFileType = sourcecode.c.objc; path = HZoffLineDownLoadViewController.m; sourceTree = "<group>"; };
		9B2CCDD0217866F900A3AAC8 /* HZDetailViewController.h */ = {isa = PBXFileReference; lastKnownFileType = sourcecode.c.h; path = HZDetailViewController.h; sourceTree = "<group>"; };
		9B2CCDD1217866F900A3AAC8 /* HZDetailViewController.m */ = {isa = PBXFileReference; lastKnownFileType = sourcecode.c.objc; path = HZDetailViewController.m; sourceTree = "<group>"; };
		9BBBA60921760C8000C3CF6B /* HZCollectionViewController.m */ = {isa = PBXFileReference; fileEncoding = 4; lastKnownFileType = sourcecode.c.objc; path = HZCollectionViewController.m; sourceTree = "<group>"; };
		9BBBA60A21760C8000C3CF6B /* HZCollectionViewController.h */ = {isa = PBXFileReference; fileEncoding = 4; lastKnownFileType = sourcecode.c.h; path = HZCollectionViewController.h; sourceTree = "<group>"; };
		9BBBA60B21760C8000C3CF6B /* HZTableViewController.h */ = {isa = PBXFileReference; fileEncoding = 4; lastKnownFileType = sourcecode.c.h; path = HZTableViewController.h; sourceTree = "<group>"; };
		9BBBA60C21760C8000C3CF6B /* HZTableViewController.m */ = {isa = PBXFileReference; fileEncoding = 4; lastKnownFileType = sourcecode.c.objc; path = HZTableViewController.m; sourceTree = "<group>"; };
		9BBBA60F21760DC400C3CF6B /* UIView+Frame.h */ = {isa = PBXFileReference; fileEncoding = 4; lastKnownFileType = sourcecode.c.h; path = "UIView+Frame.h"; sourceTree = "<group>"; };
		9BBBA61021760DC400C3CF6B /* UIView+Frame.m */ = {isa = PBXFileReference; fileEncoding = 4; lastKnownFileType = sourcecode.c.objc; path = "UIView+Frame.m"; sourceTree = "<group>"; };
		9BBBA64F2176D42700C3CF6B /* ThirdMacros.h */ = {isa = PBXFileReference; lastKnownFileType = sourcecode.c.h; path = ThirdMacros.h; sourceTree = "<group>"; };
		9BBBA6502176D43500C3CF6B /* FontAndColorMacros.h */ = {isa = PBXFileReference; lastKnownFileType = sourcecode.c.h; path = FontAndColorMacros.h; sourceTree = "<group>"; };
		9BBBA6512176D44100C3CF6B /* CommonMacros.h */ = {isa = PBXFileReference; lastKnownFileType = sourcecode.c.h; path = CommonMacros.h; sourceTree = "<group>"; };
		9BBBA6522176D45100C3CF6B /* URLMacros.h */ = {isa = PBXFileReference; lastKnownFileType = sourcecode.c.h; path = URLMacros.h; sourceTree = "<group>"; };
		9BBBA6542176D46A00C3CF6B /* UtilsMacros.h */ = {isa = PBXFileReference; lastKnownFileType = sourcecode.c.h; path = UtilsMacros.h; sourceTree = "<group>"; };
		9BBBA6552176DBA900C3CF6B /* BaseViewController.h */ = {isa = PBXFileReference; lastKnownFileType = sourcecode.c.h; path = BaseViewController.h; sourceTree = "<group>"; };
		9BBBA6562176DBA900C3CF6B /* BaseViewController.m */ = {isa = PBXFileReference; lastKnownFileType = sourcecode.c.objc; path = BaseViewController.m; sourceTree = "<group>"; };
		9BBBA6592176DE3B00C3CF6B /* BaseTabBar.h */ = {isa = PBXFileReference; lastKnownFileType = sourcecode.c.h; path = BaseTabBar.h; sourceTree = "<group>"; };
		9BBBA65A2176DE3B00C3CF6B /* BaseTabBar.m */ = {isa = PBXFileReference; lastKnownFileType = sourcecode.c.objc; path = BaseTabBar.m; sourceTree = "<group>"; };
		9BBBA65C2176DF9000C3CF6B /* UITabBar+CustomBadge.h */ = {isa = PBXFileReference; lastKnownFileType = sourcecode.c.h; path = "UITabBar+CustomBadge.h"; sourceTree = "<group>"; };
		9BBBA65D2176DF9000C3CF6B /* UITabBar+CustomBadge.m */ = {isa = PBXFileReference; lastKnownFileType = sourcecode.c.objc; path = "UITabBar+CustomBadge.m"; sourceTree = "<group>"; };
		9BBBA65F2176E4E900C3CF6B /* BaseTabBarController.h */ = {isa = PBXFileReference; lastKnownFileType = sourcecode.c.h; path = BaseTabBarController.h; sourceTree = "<group>"; };
		9BBBA6602176E4E900C3CF6B /* BaseTabBarController.m */ = {isa = PBXFileReference; lastKnownFileType = sourcecode.c.objc; path = BaseTabBarController.m; sourceTree = "<group>"; };
		9BBBA6662176E68200C3CF6B /* HZHomeViewController.h */ = {isa = PBXFileReference; lastKnownFileType = sourcecode.c.h; path = HZHomeViewController.h; sourceTree = "<group>"; };
		9BBBA6672176E68200C3CF6B /* HZHomeViewController.m */ = {isa = PBXFileReference; lastKnownFileType = sourcecode.c.objc; path = HZHomeViewController.m; sourceTree = "<group>"; };
		9BBBA6692176E69500C3CF6B /* HZDiscoverViewController.h */ = {isa = PBXFileReference; lastKnownFileType = sourcecode.c.h; path = HZDiscoverViewController.h; sourceTree = "<group>"; };
		9BBBA66A2176E69500C3CF6B /* HZDiscoverViewController.m */ = {isa = PBXFileReference; lastKnownFileType = sourcecode.c.objc; path = HZDiscoverViewController.m; sourceTree = "<group>"; };
		9BBBA66C2176E6A200C3CF6B /* HZMessageViewController.h */ = {isa = PBXFileReference; lastKnownFileType = sourcecode.c.h; path = HZMessageViewController.h; sourceTree = "<group>"; };
		9BBBA66D2176E6A200C3CF6B /* HZMessageViewController.m */ = {isa = PBXFileReference; lastKnownFileType = sourcecode.c.objc; path = HZMessageViewController.m; sourceTree = "<group>"; };
		9BBBA66F2176E6AC00C3CF6B /* HZMineViewController.h */ = {isa = PBXFileReference; lastKnownFileType = sourcecode.c.h; path = HZMineViewController.h; sourceTree = "<group>"; };
		9BBBA6702176E6AC00C3CF6B /* HZMineViewController.m */ = {isa = PBXFileReference; lastKnownFileType = sourcecode.c.objc; path = HZMineViewController.m; sourceTree = "<group>"; };
		9BBBA6722176E7A300C3CF6B /* BaseNavigationController.h */ = {isa = PBXFileReference; lastKnownFileType = sourcecode.c.h; path = BaseNavigationController.h; sourceTree = "<group>"; };
		9BBBA6732176E7A300C3CF6B /* BaseNavigationController.m */ = {isa = PBXFileReference; lastKnownFileType = sourcecode.c.objc; path = BaseNavigationController.m; sourceTree = "<group>"; };
		9BBBA6752176EFC900C3CF6B /* rain.png */ = {isa = PBXFileReference; lastKnownFileType = image.png; path = rain.png; sourceTree = "<group>"; };
		9BBBA6762176EFC900C3CF6B /* DazFire.png */ = {isa = PBXFileReference; lastKnownFileType = image.png; path = DazFire.png; sourceTree = "<group>"; };
		9BBBA6772176EFC900C3CF6B /* snow.png */ = {isa = PBXFileReference; lastKnownFileType = image.png; path = snow.png; sourceTree = "<group>"; };
		9BBBA6792176EFCA00C3CF6B /* icon_tabbar_onsite_new@2x.png */ = {isa = PBXFileReference; lastKnownFileType = image.png; path = "icon_tabbar_onsite_new@2x.png"; sourceTree = "<group>"; };
		9BBBA67A2176EFCA00C3CF6B /* icon_tabbar_nearby_selected.png */ = {isa = PBXFileReference; lastKnownFileType = image.png; path = icon_tabbar_nearby_selected.png; sourceTree = "<group>"; };
		9BBBA67B2176EFCA00C3CF6B /* icon_tabbar_merchant_selected.png */ = {isa = PBXFileReference; lastKnownFileType = image.png; path = icon_tabbar_merchant_selected.png; sourceTree = "<group>"; };
		9BBBA67C2176EFCA00C3CF6B /* icon_tabbar_homepage_selected.png */ = {isa = PBXFileReference; lastKnownFileType = image.png; path = icon_tabbar_homepage_selected.png; sourceTree = "<group>"; };
		9BBBA67D2176EFCA00C3CF6B /* icon_tabbar_discovery_selected.png */ = {isa = PBXFileReference; lastKnownFileType = image.png; path = icon_tabbar_discovery_selected.png; sourceTree = "<group>"; };
		9BBBA67E2176EFCA00C3CF6B /* icon_tabbar_merchant_selected@2x.png */ = {isa = PBXFileReference; lastKnownFileType = image.png; path = "icon_tabbar_merchant_selected@2x.png"; sourceTree = "<group>"; };
		9BBBA67F2176EFCA00C3CF6B /* icon_tabbar_homepage@2x.png */ = {isa = PBXFileReference; lastKnownFileType = image.png; path = "icon_tabbar_homepage@2x.png"; sourceTree = "<group>"; };
		9BBBA6802176EFCA00C3CF6B /* icon_tabbar_misc_selected@2x.png */ = {isa = PBXFileReference; lastKnownFileType = image.png; path = "icon_tabbar_misc_selected@2x.png"; sourceTree = "<group>"; };
		9BBBA6812176EFCA00C3CF6B /* icon_tabbar_misc.png */ = {isa = PBXFileReference; lastKnownFileType = image.png; path = icon_tabbar_misc.png; sourceTree = "<group>"; };
		9BBBA6822176EFCA00C3CF6B /* icon_tabbar_misc_selected.png */ = {isa = PBXFileReference; lastKnownFileType = image.png; path = icon_tabbar_misc_selected.png; sourceTree = "<group>"; };
		9BBBA6832176EFCA00C3CF6B /* icon_tabbar_onsite_selected@2x.png */ = {isa = PBXFileReference; lastKnownFileType = image.png; path = "icon_tabbar_onsite_selected@2x.png"; sourceTree = "<group>"; };
		9BBBA6842176EFCA00C3CF6B /* icon_tabbar_mine@2x.png */ = {isa = PBXFileReference; lastKnownFileType = image.png; path = "icon_tabbar_mine@2x.png"; sourceTree = "<group>"; };
		9BBBA6852176EFCA00C3CF6B /* icon_tabbar_mine_selected@2x.png */ = {isa = PBXFileReference; lastKnownFileType = image.png; path = "icon_tabbar_mine_selected@2x.png"; sourceTree = "<group>"; };
		9BBBA6862176EFCA00C3CF6B /* icon_tabbar_discovery.png */ = {isa = PBXFileReference; lastKnownFileType = image.png; path = icon_tabbar_discovery.png; sourceTree = "<group>"; };
		9BBBA6872176EFCA00C3CF6B /* icon_tabbar_nearby.png */ = {isa = PBXFileReference; lastKnownFileType = image.png; path = icon_tabbar_nearby.png; sourceTree = "<group>"; };
		9BBBA6882176EFCA00C3CF6B /* LCTabBarBadge@2x.png */ = {isa = PBXFileReference; lastKnownFileType = image.png; path = "LCTabBarBadge@2x.png"; sourceTree = "<group>"; };
		9BBBA6892176EFCA00C3CF6B /* icon_tabbar_homepage_selected@2x.png */ = {isa = PBXFileReference; lastKnownFileType = image.png; path = "icon_tabbar_homepage_selected@2x.png"; sourceTree = "<group>"; };
		9BBBA68A2176EFCA00C3CF6B /* icon_tabbar_onsite@2x.png */ = {isa = PBXFileReference; lastKnownFileType = image.png; path = "icon_tabbar_onsite@2x.png"; sourceTree = "<group>"; };
		9BBBA68B2176EFCA00C3CF6B /* icon_tabbar_mine.png */ = {isa = PBXFileReference; lastKnownFileType = image.png; path = icon_tabbar_mine.png; sourceTree = "<group>"; };
		9BBBA68C2176EFCA00C3CF6B /* icon_tabbar_homepage.png */ = {isa = PBXFileReference; lastKnownFileType = image.png; path = icon_tabbar_homepage.png; sourceTree = "<group>"; };
		9BBBA68D2176EFCA00C3CF6B /* icon_tabbar_merchant_normal.png */ = {isa = PBXFileReference; lastKnownFileType = image.png; path = icon_tabbar_merchant_normal.png; sourceTree = "<group>"; };
		9BBBA68E2176EFCA00C3CF6B /* icon_tabbar_merchant_normal@2x.png */ = {isa = PBXFileReference; lastKnownFileType = image.png; path = "icon_tabbar_merchant_normal@2x.png"; sourceTree = "<group>"; };
		9BBBA68F2176EFCA00C3CF6B /* icon_tabbar_misc@2x.png */ = {isa = PBXFileReference; lastKnownFileType = image.png; path = "icon_tabbar_misc@2x.png"; sourceTree = "<group>"; };
		9BBBA6902176EFCA00C3CF6B /* icon_tabbar_mine_selected.png */ = {isa = PBXFileReference; lastKnownFileType = image.png; path = icon_tabbar_mine_selected.png; sourceTree = "<group>"; };
		9BBBA6912176EFCA00C3CF6B /* back_icon@3x.png */ = {isa = PBXFileReference; lastKnownFileType = image.png; path = "back_icon@3x.png"; sourceTree = "<group>"; };
		9BBBA6932176EFCA00C3CF6B /* MBHUD_Success@2x.png */ = {isa = PBXFileReference; lastKnownFileType = image.png; path = "MBHUD_Success@2x.png"; sourceTree = "<group>"; };
		9BBBA6942176EFCA00C3CF6B /* MBHUD_Info@3x.png */ = {isa = PBXFileReference; lastKnownFileType = image.png; path = "MBHUD_Info@3x.png"; sourceTree = "<group>"; };
		9BBBA6952176EFCA00C3CF6B /* MBHUD_Info@2x.png */ = {isa = PBXFileReference; lastKnownFileType = image.png; path = "MBHUD_Info@2x.png"; sourceTree = "<group>"; };
		9BBBA6962176EFCA00C3CF6B /* MBHUD_Success@3x.png */ = {isa = PBXFileReference; lastKnownFileType = image.png; path = "MBHUD_Success@3x.png"; sourceTree = "<group>"; };
		9BBBA6972176EFCA00C3CF6B /* MBHUD_Error@2x.png */ = {isa = PBXFileReference; lastKnownFileType = image.png; path = "MBHUD_Error@2x.png"; sourceTree = "<group>"; };
		9BBBA6982176EFCA00C3CF6B /* MBHUD_Warn@3x.png */ = {isa = PBXFileReference; lastKnownFileType = image.png; path = "MBHUD_Warn@3x.png"; sourceTree = "<group>"; };
		9BBBA6992176EFCA00C3CF6B /* MBHUD_Warn@2x.png */ = {isa = PBXFileReference; lastKnownFileType = image.png; path = "MBHUD_Warn@2x.png"; sourceTree = "<group>"; };
		9BBBA69A2176EFCA00C3CF6B /* MBHUD_Error@3x.png */ = {isa = PBXFileReference; lastKnownFileType = image.png; path = "MBHUD_Error@3x.png"; sourceTree = "<group>"; };
		9BBBA69B2176EFCA00C3CF6B /* close_icon@3x.png */ = {isa = PBXFileReference; lastKnownFileType = image.png; path = "close_icon@3x.png"; sourceTree = "<group>"; };
		9BBBA69C2176EFCA00C3CF6B /* close_icon@2x.png */ = {isa = PBXFileReference; lastKnownFileType = image.png; path = "close_icon@2x.png"; sourceTree = "<group>"; };
		9BBBA69D2176EFCA00C3CF6B /* back_icon@2x.png */ = {isa = PBXFileReference; lastKnownFileType = image.png; path = "back_icon@2x.png"; sourceTree = "<group>"; };
		9BBBA6CB2176F6D200C3CF6B /* AppDelegate+AppService.h */ = {isa = PBXFileReference; lastKnownFileType = sourcecode.c.h; path = "AppDelegate+AppService.h"; sourceTree = "<group>"; };
		9BBBA6CC2176F6D200C3CF6B /* AppDelegate+AppService.m */ = {isa = PBXFileReference; lastKnownFileType = sourcecode.c.objc; path = "AppDelegate+AppService.m"; sourceTree = "<group>"; };
		9BBBA6CE2176F6F600C3CF6B /* AppDelegate+PushService.h */ = {isa = PBXFileReference; lastKnownFileType = sourcecode.c.h; path = "AppDelegate+PushService.h"; sourceTree = "<group>"; };
		9BBBA6CF2176F6F600C3CF6B /* AppDelegate+PushService.m */ = {isa = PBXFileReference; lastKnownFileType = sourcecode.c.objc; path = "AppDelegate+PushService.m"; sourceTree = "<group>"; };
		9BBBA6D22177073000C3CF6B /* HZNetworkViewController.h */ = {isa = PBXFileReference; lastKnownFileType = sourcecode.c.h; path = HZNetworkViewController.h; sourceTree = "<group>"; };
		9BBBA6D32177073000C3CF6B /* HZNetworkViewController.m */ = {isa = PBXFileReference; lastKnownFileType = sourcecode.c.objc; path = HZNetworkViewController.m; sourceTree = "<group>"; };
		9BBBA6D52177089F00C3CF6B /* HZNetworkModel.h */ = {isa = PBXFileReference; lastKnownFileType = sourcecode.c.h; path = HZNetworkModel.h; sourceTree = "<group>"; };
		9BBBA6D62177089F00C3CF6B /* HZNetworkModel.m */ = {isa = PBXFileReference; lastKnownFileType = sourcecode.c.objc; path = HZNetworkModel.m; sourceTree = "<group>"; };
		9BBBA6D821770BC600C3CF6B /* UIImage+Category.h */ = {isa = PBXFileReference; lastKnownFileType = sourcecode.c.h; path = "UIImage+Category.h"; sourceTree = "<group>"; };
		9BBBA6D921770BC600C3CF6B /* UIImage+Category.m */ = {isa = PBXFileReference; lastKnownFileType = sourcecode.c.objc; path = "UIImage+Category.m"; sourceTree = "<group>"; };
		9BBBA6DC21770E9E00C3CF6B /* TransitionProtocol.h */ = {isa = PBXFileReference; lastKnownFileType = sourcecode.c.h; path = TransitionProtocol.h; sourceTree = "<group>"; };
		9BBBA6DD2177140800C3CF6B /* UIView+Category.h */ = {isa = PBXFileReference; lastKnownFileType = sourcecode.c.h; path = "UIView+Category.h"; sourceTree = "<group>"; };
		9BBBA6DE2177140800C3CF6B /* UIView+Category.m */ = {isa = PBXFileReference; lastKnownFileType = sourcecode.c.objc; path = "UIView+Category.m"; sourceTree = "<group>"; };
		9BBBA6E7217724EE00C3CF6B /* HZNetWorkDownLoadViewController.h */ = {isa = PBXFileReference; lastKnownFileType = sourcecode.c.h; path = HZNetWorkDownLoadViewController.h; sourceTree = "<group>"; };
		9BBBA6E8217724EE00C3CF6B /* HZNetWorkDownLoadViewController.m */ = {isa = PBXFileReference; lastKnownFileType = sourcecode.c.objc; path = HZNetWorkDownLoadViewController.m; sourceTree = "<group>"; };
		9BBBA6EA21772E3C00C3CF6B /* testImage.jpg */ = {isa = PBXFileReference; lastKnownFileType = image.jpeg; path = testImage.jpg; sourceTree = "<group>"; };
		9C6F7DCE904757C767F632EF /* Pods_HZFrameWork_Tests.framework */ = {isa = PBXFileReference; explicitFileType = wrapper.framework; includeInIndex = 0; path = Pods_HZFrameWork_Tests.framework; sourceTree = BUILT_PRODUCTS_DIR; };
		BAF9472C2635CB548E61EB1F /* Pods_HZFrameWork_Example.framework */ = {isa = PBXFileReference; explicitFileType = wrapper.framework; includeInIndex = 0; path = Pods_HZFrameWork_Example.framework; sourceTree = BUILT_PRODUCTS_DIR; };
		DA1EBF636EC74659689E1890 /* Pods-HZFrameWork_Example.release.xcconfig */ = {isa = PBXFileReference; includeInIndex = 1; lastKnownFileType = text.xcconfig; name = "Pods-HZFrameWork_Example.release.xcconfig"; path = "Pods/Target Support Files/Pods-HZFrameWork_Example/Pods-HZFrameWork_Example.release.xcconfig"; sourceTree = "<group>"; };
		E184D5776DABF7270F2BF6D1 /* LICENSE */ = {isa = PBXFileReference; includeInIndex = 1; lastKnownFileType = text; name = LICENSE; path = ../LICENSE; sourceTree = "<group>"; };
		F90B915D9B1818E408424D1E /* HZFrameWork.podspec */ = {isa = PBXFileReference; includeInIndex = 1; lastKnownFileType = text; name = HZFrameWork.podspec; path = ../HZFrameWork.podspec; sourceTree = "<group>"; };
		FD0B6604191701F2AB66AA3D /* Pods-HZFrameWork_Tests.debug.xcconfig */ = {isa = PBXFileReference; includeInIndex = 1; lastKnownFileType = text.xcconfig; name = "Pods-HZFrameWork_Tests.debug.xcconfig"; path = "Pods/Target Support Files/Pods-HZFrameWork_Tests/Pods-HZFrameWork_Tests.debug.xcconfig"; sourceTree = "<group>"; };
/* End PBXFileReference section */

/* Begin PBXFrameworksBuildPhase section */
		6003F587195388D20070C39A /* Frameworks */ = {
			isa = PBXFrameworksBuildPhase;
			buildActionMask = 2147483647;
			files = (
				6003F590195388D20070C39A /* CoreGraphics.framework in Frameworks */,
				6003F592195388D20070C39A /* UIKit.framework in Frameworks */,
				6003F58E195388D20070C39A /* Foundation.framework in Frameworks */,
				A02D225768E26CE887C1F0C6 /* Pods_HZFrameWork_Example.framework in Frameworks */,
			);
			runOnlyForDeploymentPostprocessing = 0;
		};
		6003F5AB195388D20070C39A /* Frameworks */ = {
			isa = PBXFrameworksBuildPhase;
			buildActionMask = 2147483647;
			files = (
				6003F5B0195388D20070C39A /* XCTest.framework in Frameworks */,
				6003F5B2195388D20070C39A /* UIKit.framework in Frameworks */,
				6003F5B1195388D20070C39A /* Foundation.framework in Frameworks */,
				429C604625FB5B67A39850AC /* Pods_HZFrameWork_Tests.framework in Frameworks */,
			);
			runOnlyForDeploymentPostprocessing = 0;
		};
/* End PBXFrameworksBuildPhase section */

/* Begin PBXGroup section */
		6003F581195388D10070C39A = {
			isa = PBXGroup;
			children = (
				60FF7A9C1954A5C5007DD14C /* Podspec Metadata */,
				6003F593195388D20070C39A /* Example for HZFrameWork */,
				6003F5B5195388D20070C39A /* Tests */,
				6003F58C195388D20070C39A /* Frameworks */,
				6003F58B195388D20070C39A /* Products */,
				7E125DEB7FCAB309BD9E8659 /* Pods */,
			);
			sourceTree = "<group>";
		};
		6003F58B195388D20070C39A /* Products */ = {
			isa = PBXGroup;
			children = (
				6003F58A195388D20070C39A /* HZFrameWork_Example.app */,
				6003F5AE195388D20070C39A /* HZFrameWork_Tests.xctest */,
			);
			name = Products;
			sourceTree = "<group>";
		};
		6003F58C195388D20070C39A /* Frameworks */ = {
			isa = PBXGroup;
			children = (
				6003F58D195388D20070C39A /* Foundation.framework */,
				6003F58F195388D20070C39A /* CoreGraphics.framework */,
				6003F591195388D20070C39A /* UIKit.framework */,
				6003F5AF195388D20070C39A /* XCTest.framework */,
				BAF9472C2635CB548E61EB1F /* Pods_HZFrameWork_Example.framework */,
				9C6F7DCE904757C767F632EF /* Pods_HZFrameWork_Tests.framework */,
			);
			name = Frameworks;
			sourceTree = "<group>";
		};
		6003F593195388D20070C39A /* Example for HZFrameWork */ = {
			isa = PBXGroup;
			children = (
				9B75170D2175F80100E8ED3A /* AppDelegate */,
				9B75170C2175F7FB00E8ED3A /* Modules */,
				9B75170B2175F7F400E8ED3A /* Manager */,
				9B75170A2175F7EF00E8ED3A /* Utils */,
				9B7517092175F7E800E8ED3A /* Base */,
				9B7517082175F7DC00E8ED3A /* ThridParty */,
				9B7517072175F7D500E8ED3A /* Define */,
				9B7517062175F7CD00E8ED3A /* Resource */,
				9B7517042175F7BE00E8ED3A /* Tool */,
				9BBBA6D1217706A000C3CF6B /* Others */,
				873B8AEA1B1F5CCA007FD442 /* Main.storyboard */,
				71719F9D1E33DC2100824A3D /* LaunchScreen.storyboard */,
				6003F5A8195388D20070C39A /* Images.xcassets */,
				6003F594195388D20070C39A /* Supporting Files */,
			);
			name = "Example for HZFrameWork";
			path = HZFrameWork;
			sourceTree = "<group>";
		};
		6003F594195388D20070C39A /* Supporting Files */ = {
			isa = PBXGroup;
			children = (
				6003F595195388D20070C39A /* HZFrameWork-Info.plist */,
				6003F596195388D20070C39A /* InfoPlist.strings */,
				6003F599195388D20070C39A /* main.m */,
				6003F59B195388D20070C39A /* HZFrameWork-Prefix.pch */,
			);
			name = "Supporting Files";
			sourceTree = "<group>";
		};
		6003F5B5195388D20070C39A /* Tests */ = {
			isa = PBXGroup;
			children = (
				6003F5BB195388D20070C39A /* Tests.m */,
				6003F5B6195388D20070C39A /* Supporting Files */,
			);
			path = Tests;
			sourceTree = "<group>";
		};
		6003F5B6195388D20070C39A /* Supporting Files */ = {
			isa = PBXGroup;
			children = (
				6003F5B7195388D20070C39A /* Tests-Info.plist */,
				6003F5B8195388D20070C39A /* InfoPlist.strings */,
				606FC2411953D9B200FFA9A0 /* Tests-Prefix.pch */,
			);
			name = "Supporting Files";
			sourceTree = "<group>";
		};
		60FF7A9C1954A5C5007DD14C /* Podspec Metadata */ = {
			isa = PBXGroup;
			children = (
				F90B915D9B1818E408424D1E /* HZFrameWork.podspec */,
				4FF1222717D1DF51ECD5C667 /* README.md */,
				E184D5776DABF7270F2BF6D1 /* LICENSE */,
			);
			name = "Podspec Metadata";
			sourceTree = "<group>";
		};
		7E125DEB7FCAB309BD9E8659 /* Pods */ = {
			isa = PBXGroup;
			children = (
				1E6FB97D4800A461106B5A87 /* Pods-HZFrameWork_Example.debug.xcconfig */,
				DA1EBF636EC74659689E1890 /* Pods-HZFrameWork_Example.release.xcconfig */,
				FD0B6604191701F2AB66AA3D /* Pods-HZFrameWork_Tests.debug.xcconfig */,
				1912641E6E0D20B7C8948918 /* Pods-HZFrameWork_Tests.release.xcconfig */,
			);
			name = Pods;
			sourceTree = "<group>";
		};
		9B7517042175F7BE00E8ED3A /* Tool */ = {
			isa = PBXGroup;
			children = (
			);
			path = Tool;
			sourceTree = "<group>";
		};
		9B7517062175F7CD00E8ED3A /* Resource */ = {
			isa = PBXGroup;
			children = (
				9BBBA6EA21772E3C00C3CF6B /* testImage.jpg */,
				9BBBA69D2176EFCA00C3CF6B /* back_icon@2x.png */,
				9BBBA6912176EFCA00C3CF6B /* back_icon@3x.png */,
				9BBBA69C2176EFCA00C3CF6B /* close_icon@2x.png */,
				9BBBA69B2176EFCA00C3CF6B /* close_icon@3x.png */,
				9BBBA6762176EFC900C3CF6B /* DazFire.png */,
				9BBBA6922176EFCA00C3CF6B /* MBProgressHUD */,
				9BBBA6752176EFC900C3CF6B /* rain.png */,
				9BBBA6772176EFC900C3CF6B /* snow.png */,
				9BBBA6782176EFCA00C3CF6B /* tabBar */,
			);
			path = Resource;
			sourceTree = "<group>";
		};
		9B7517072175F7D500E8ED3A /* Define */ = {
			isa = PBXGroup;
			children = (
				9BBBA64F2176D42700C3CF6B /* ThirdMacros.h */,
				9BBBA6502176D43500C3CF6B /* FontAndColorMacros.h */,
				9BBBA6512176D44100C3CF6B /* CommonMacros.h */,
				9BBBA6522176D45100C3CF6B /* URLMacros.h */,
				9BBBA6542176D46A00C3CF6B /* UtilsMacros.h */,
			);
			path = Define;
			sourceTree = "<group>";
		};
		9B7517082175F7DC00E8ED3A /* ThridParty */ = {
			isa = PBXGroup;
			children = (
			);
			path = ThridParty;
			sourceTree = "<group>";
		};
		9B7517092175F7E800E8ED3A /* Base */ = {
			isa = PBXGroup;
			children = (
				9BBBA64E2176D3BF00C3CF6B /* TabbarController */,
				9BBBA64D2176D3A700C3CF6B /* NavigatoinController */,
				9BBBA64C2176D39800C3CF6B /* WebViewController */,
				9BBBA64B2176D38A00C3CF6B /* BaseCell */,
				9BBBA64A2176D37000C3CF6B /* BaseViewController */,
			);
			path = Base;
			sourceTree = "<group>";
		};
		9B75170A2175F7EF00E8ED3A /* Utils */ = {
			isa = PBXGroup;
			children = (
				9BBBA6402176371D00C3CF6B /* HZEmptyView */,
				9BBBA6022176073600C3CF6B /* Categroy */,
			);
			path = Utils;
			sourceTree = "<group>";
		};
		9B75170B2175F7F400E8ED3A /* Manager */ = {
			isa = PBXGroup;
			children = (
			);
			path = Manager;
			sourceTree = "<group>";
		};
		9B75170C2175F7FB00E8ED3A /* Modules */ = {
			isa = PBXGroup;
			children = (
				9BBBA6622176E60300C3CF6B /* Home */,
				9BBBA6652176E62900C3CF6B /* Discover */,
				9BBBA6642176E61E00C3CF6B /* Message */,
				9BBBA6632176E61900C3CF6B /* Mine */,
			);
			path = Modules;
			sourceTree = "<group>";
		};
		9B75170D2175F80100E8ED3A /* AppDelegate */ = {
			isa = PBXGroup;
			children = (
				6003F59C195388D20070C39A /* AppDelegate.h */,
				6003F59D195388D20070C39A /* AppDelegate.m */,
				9BBBA6CB2176F6D200C3CF6B /* AppDelegate+AppService.h */,
				9BBBA6CC2176F6D200C3CF6B /* AppDelegate+AppService.m */,
				9BBBA6CE2176F6F600C3CF6B /* AppDelegate+PushService.h */,
				9BBBA6CF2176F6F600C3CF6B /* AppDelegate+PushService.m */,
			);
			path = AppDelegate;
			sourceTree = "<group>";
		};
		9BBBA6022176073600C3CF6B /* Categroy */ = {
			isa = PBXGroup;
			children = (
				9BBBA60F21760DC400C3CF6B /* UIView+Frame.h */,
				9BBBA61021760DC400C3CF6B /* UIView+Frame.m */,
				9BBBA6D821770BC600C3CF6B /* UIImage+Category.h */,
				9BBBA6D921770BC600C3CF6B /* UIImage+Category.m */,
				9BBBA6DD2177140800C3CF6B /* UIView+Category.h */,
				9BBBA6DE2177140800C3CF6B /* UIView+Category.m */,
			);
			path = Categroy;
			sourceTree = "<group>";
		};
		9BBBA6402176371D00C3CF6B /* HZEmptyView */ = {
			isa = PBXGroup;
			children = (
				9BBBA60A21760C8000C3CF6B /* HZCollectionViewController.h */,
				9BBBA60921760C8000C3CF6B /* HZCollectionViewController.m */,
				9BBBA60B21760C8000C3CF6B /* HZTableViewController.h */,
				9BBBA60C21760C8000C3CF6B /* HZTableViewController.m */,
			);
			path = HZEmptyView;
			sourceTree = "<group>";
		};
		9BBBA64A2176D37000C3CF6B /* BaseViewController */ = {
			isa = PBXGroup;
			children = (
				9BBBA6552176DBA900C3CF6B /* BaseViewController.h */,
				9BBBA6562176DBA900C3CF6B /* BaseViewController.m */,
			);
			path = BaseViewController;
			sourceTree = "<group>";
		};
		9BBBA64B2176D38A00C3CF6B /* BaseCell */ = {
			isa = PBXGroup;
			children = (
			);
			path = BaseCell;
			sourceTree = "<group>";
		};
		9BBBA64C2176D39800C3CF6B /* WebViewController */ = {
			isa = PBXGroup;
			children = (
			);
			path = WebViewController;
			sourceTree = "<group>";
		};
		9BBBA64D2176D3A700C3CF6B /* NavigatoinController */ = {
			isa = PBXGroup;
			children = (
				9BBBA6722176E7A300C3CF6B /* BaseNavigationController.h */,
				9BBBA6732176E7A300C3CF6B /* BaseNavigationController.m */,
				9BBBA6DC21770E9E00C3CF6B /* TransitionProtocol.h */,
			);
			path = NavigatoinController;
			sourceTree = "<group>";
		};
		9BBBA64E2176D3BF00C3CF6B /* TabbarController */ = {
			isa = PBXGroup;
			children = (
				9BBBA6582176DDF400C3CF6B /* TabBarView */,
				9BBBA65F2176E4E900C3CF6B /* BaseTabBarController.h */,
				9BBBA6602176E4E900C3CF6B /* BaseTabBarController.m */,
			);
			path = TabbarController;
			sourceTree = "<group>";
		};
		9BBBA6582176DDF400C3CF6B /* TabBarView */ = {
			isa = PBXGroup;
			children = (
				9BBBA6592176DE3B00C3CF6B /* BaseTabBar.h */,
				9BBBA65A2176DE3B00C3CF6B /* BaseTabBar.m */,
				9BBBA65C2176DF9000C3CF6B /* UITabBar+CustomBadge.h */,
				9BBBA65D2176DF9000C3CF6B /* UITabBar+CustomBadge.m */,
			);
			path = TabBarView;
			sourceTree = "<group>";
		};
		9BBBA6622176E60300C3CF6B /* Home */ = {
			isa = PBXGroup;
			children = (
				9BBBA6662176E68200C3CF6B /* HZHomeViewController.h */,
				9BBBA6672176E68200C3CF6B /* HZHomeViewController.m */,
			);
			path = Home;
			sourceTree = "<group>";
		};
		9BBBA6632176E61900C3CF6B /* Mine */ = {
			isa = PBXGroup;
			children = (
				9BBBA66F2176E6AC00C3CF6B /* HZMineViewController.h */,
				9BBBA6702176E6AC00C3CF6B /* HZMineViewController.m */,
			);
			path = Mine;
			sourceTree = "<group>";
		};
		9BBBA6642176E61E00C3CF6B /* Message */ = {
			isa = PBXGroup;
			children = (
				9BBBA66C2176E6A200C3CF6B /* HZMessageViewController.h */,
				9BBBA66D2176E6A200C3CF6B /* HZMessageViewController.m */,
			);
			path = Message;
			sourceTree = "<group>";
		};
		9BBBA6652176E62900C3CF6B /* Discover */ = {
			isa = PBXGroup;
			children = (
				9BBBA6692176E69500C3CF6B /* HZDiscoverViewController.h */,
				9BBBA66A2176E69500C3CF6B /* HZDiscoverViewController.m */,
			);
			path = Discover;
			sourceTree = "<group>";
		};
		9BBBA6782176EFCA00C3CF6B /* tabBar */ = {
			isa = PBXGroup;
			children = (
				9BBBA6792176EFCA00C3CF6B /* icon_tabbar_onsite_new@2x.png */,
				9BBBA67A2176EFCA00C3CF6B /* icon_tabbar_nearby_selected.png */,
				9BBBA67B2176EFCA00C3CF6B /* icon_tabbar_merchant_selected.png */,
				9BBBA67C2176EFCA00C3CF6B /* icon_tabbar_homepage_selected.png */,
				9BBBA67D2176EFCA00C3CF6B /* icon_tabbar_discovery_selected.png */,
				9BBBA67E2176EFCA00C3CF6B /* icon_tabbar_merchant_selected@2x.png */,
				9BBBA67F2176EFCA00C3CF6B /* icon_tabbar_homepage@2x.png */,
				9BBBA6802176EFCA00C3CF6B /* icon_tabbar_misc_selected@2x.png */,
				9BBBA6812176EFCA00C3CF6B /* icon_tabbar_misc.png */,
				9BBBA6822176EFCA00C3CF6B /* icon_tabbar_misc_selected.png */,
				9BBBA6832176EFCA00C3CF6B /* icon_tabbar_onsite_selected@2x.png */,
				9BBBA6842176EFCA00C3CF6B /* icon_tabbar_mine@2x.png */,
				9BBBA6852176EFCA00C3CF6B /* icon_tabbar_mine_selected@2x.png */,
				9BBBA6862176EFCA00C3CF6B /* icon_tabbar_discovery.png */,
				9BBBA6872176EFCA00C3CF6B /* icon_tabbar_nearby.png */,
				9BBBA6882176EFCA00C3CF6B /* LCTabBarBadge@2x.png */,
				9BBBA6892176EFCA00C3CF6B /* icon_tabbar_homepage_selected@2x.png */,
				9BBBA68A2176EFCA00C3CF6B /* icon_tabbar_onsite@2x.png */,
				9BBBA68B2176EFCA00C3CF6B /* icon_tabbar_mine.png */,
				9BBBA68C2176EFCA00C3CF6B /* icon_tabbar_homepage.png */,
				9BBBA68D2176EFCA00C3CF6B /* icon_tabbar_merchant_normal.png */,
				9BBBA68E2176EFCA00C3CF6B /* icon_tabbar_merchant_normal@2x.png */,
				9BBBA68F2176EFCA00C3CF6B /* icon_tabbar_misc@2x.png */,
				9BBBA6902176EFCA00C3CF6B /* icon_tabbar_mine_selected.png */,
			);
			path = tabBar;
			sourceTree = "<group>";
		};
		9BBBA6922176EFCA00C3CF6B /* MBProgressHUD */ = {
			isa = PBXGroup;
			children = (
				9BBBA6932176EFCA00C3CF6B /* MBHUD_Success@2x.png */,
				9BBBA6942176EFCA00C3CF6B /* MBHUD_Info@3x.png */,
				9BBBA6952176EFCA00C3CF6B /* MBHUD_Info@2x.png */,
				9BBBA6962176EFCA00C3CF6B /* MBHUD_Success@3x.png */,
				9BBBA6972176EFCA00C3CF6B /* MBHUD_Error@2x.png */,
				9BBBA6982176EFCA00C3CF6B /* MBHUD_Warn@3x.png */,
				9BBBA6992176EFCA00C3CF6B /* MBHUD_Warn@2x.png */,
				9BBBA69A2176EFCA00C3CF6B /* MBHUD_Error@3x.png */,
			);
			path = MBProgressHUD;
			sourceTree = "<group>";
		};
		9BBBA6D1217706A000C3CF6B /* Others */ = {
			isa = PBXGroup;
			children = (
				9BBBA6E32177244400C3CF6B /* HZNetworkDemo */,
			);
			path = Others;
			sourceTree = "<group>";
		};
		9BBBA6E32177244400C3CF6B /* HZNetworkDemo */ = {
			isa = PBXGroup;
			children = (
				9BBBA6D22177073000C3CF6B /* HZNetworkViewController.h */,
				9BBBA6D32177073000C3CF6B /* HZNetworkViewController.m */,
				9BBBA6E7217724EE00C3CF6B /* HZNetWorkDownLoadViewController.h */,
				9BBBA6E8217724EE00C3CF6B /* HZNetWorkDownLoadViewController.m */,
				9B2CCDCA2178306700A3AAC8 /* HZNetWorkSettingViewController.h */,
				9B2CCDCB2178306700A3AAC8 /* HZNetWorkSettingViewController.m */,
				9B2CCDCD2178349300A3AAC8 /* HZoffLineDownLoadViewController.h */,
				9B2CCDCE2178349300A3AAC8 /* HZoffLineDownLoadViewController.m */,
				9B2CCDD0217866F900A3AAC8 /* HZDetailViewController.h */,
				9B2CCDD1217866F900A3AAC8 /* HZDetailViewController.m */,
				9BBBA6D52177089F00C3CF6B /* HZNetworkModel.h */,
				9BBBA6D62177089F00C3CF6B /* HZNetworkModel.m */,
			);
			path = HZNetworkDemo;
			sourceTree = "<group>";
		};
/* End PBXGroup section */

/* Begin PBXNativeTarget section */
		6003F589195388D20070C39A /* HZFrameWork_Example */ = {
			isa = PBXNativeTarget;
			buildConfigurationList = 6003F5BF195388D20070C39A /* Build configuration list for PBXNativeTarget "HZFrameWork_Example" */;
			buildPhases = (
				B60C924AD7122EB834B6FD1A /* [CP] Check Pods Manifest.lock */,
				6003F586195388D20070C39A /* Sources */,
				6003F587195388D20070C39A /* Frameworks */,
				6003F588195388D20070C39A /* Resources */,
				75F7B50AD841F6D4BAD33108 /* [CP] Embed Pods Frameworks */,
			);
			buildRules = (
			);
			dependencies = (
			);
			name = HZFrameWork_Example;
			productName = HZFrameWork;
			productReference = 6003F58A195388D20070C39A /* HZFrameWork_Example.app */;
			productType = "com.apple.product-type.application";
		};
		6003F5AD195388D20070C39A /* HZFrameWork_Tests */ = {
			isa = PBXNativeTarget;
			buildConfigurationList = 6003F5C2195388D20070C39A /* Build configuration list for PBXNativeTarget "HZFrameWork_Tests" */;
			buildPhases = (
				F68B9CD75B7A328244DD913B /* [CP] Check Pods Manifest.lock */,
				6003F5AA195388D20070C39A /* Sources */,
				6003F5AB195388D20070C39A /* Frameworks */,
				6003F5AC195388D20070C39A /* Resources */,
			);
			buildRules = (
			);
			dependencies = (
				6003F5B4195388D20070C39A /* PBXTargetDependency */,
			);
			name = HZFrameWork_Tests;
			productName = HZFrameWorkTests;
			productReference = 6003F5AE195388D20070C39A /* HZFrameWork_Tests.xctest */;
			productType = "com.apple.product-type.bundle.unit-test";
		};
/* End PBXNativeTarget section */

/* Begin PBXProject section */
		6003F582195388D10070C39A /* Project object */ = {
			isa = PBXProject;
			attributes = {
				CLASSPREFIX = HZ;
				LastUpgradeCheck = 0720;
				ORGANIZATIONNAME = Runyalsj;
				TargetAttributes = {
					6003F589195388D20070C39A = {
						DevelopmentTeam = 52293RKLWK;
					};
					6003F5AD195388D20070C39A = {
						TestTargetID = 6003F589195388D20070C39A;
					};
				};
			};
			buildConfigurationList = 6003F585195388D10070C39A /* Build configuration list for PBXProject "HZFrameWork" */;
			compatibilityVersion = "Xcode 3.2";
			developmentRegion = English;
			hasScannedForEncodings = 0;
			knownRegions = (
				en,
				Base,
			);
			mainGroup = 6003F581195388D10070C39A;
			productRefGroup = 6003F58B195388D20070C39A /* Products */;
			projectDirPath = "";
			projectRoot = "";
			targets = (
				6003F589195388D20070C39A /* HZFrameWork_Example */,
				6003F5AD195388D20070C39A /* HZFrameWork_Tests */,
			);
		};
/* End PBXProject section */

/* Begin PBXResourcesBuildPhase section */
		6003F588195388D20070C39A /* Resources */ = {
			isa = PBXResourcesBuildPhase;
			buildActionMask = 2147483647;
			files = (
				9BBBA6BF2176EFCB00C3CF6B /* MBHUD_Warn@3x.png in Resources */,
				9BBBA6C12176EFCB00C3CF6B /* MBHUD_Error@3x.png in Resources */,
				9BBBA6A52176EFCB00C3CF6B /* icon_tabbar_discovery_selected.png in Resources */,
				9BBBA6C42176EFCB00C3CF6B /* back_icon@2x.png in Resources */,
				9BBBA6BE2176EFCB00C3CF6B /* MBHUD_Error@2x.png in Resources */,
				9BBBA6EB21772E3D00C3CF6B /* testImage.jpg in Resources */,
				9BBBA6AF2176EFCB00C3CF6B /* icon_tabbar_nearby.png in Resources */,
				9BBBA6A12176EFCA00C3CF6B /* icon_tabbar_onsite_new@2x.png in Resources */,
				9BBBA6A42176EFCA00C3CF6B /* icon_tabbar_homepage_selected.png in Resources */,
				9BBBA6AC2176EFCB00C3CF6B /* icon_tabbar_mine@2x.png in Resources */,
				9BBBA6A32176EFCA00C3CF6B /* icon_tabbar_merchant_selected.png in Resources */,
				873B8AEB1B1F5CCA007FD442 /* Main.storyboard in Resources */,
				9BBBA6B92176EFCB00C3CF6B /* back_icon@3x.png in Resources */,
				9BBBA69E2176EFCA00C3CF6B /* rain.png in Resources */,
				9BBBA6A92176EFCB00C3CF6B /* icon_tabbar_misc.png in Resources */,
				9BBBA6B42176EFCB00C3CF6B /* icon_tabbar_homepage.png in Resources */,
				9BBBA6C32176EFCB00C3CF6B /* close_icon@2x.png in Resources */,
				9BBBA6BA2176EFCB00C3CF6B /* MBHUD_Success@2x.png in Resources */,
				9BBBA6B02176EFCB00C3CF6B /* LCTabBarBadge@2x.png in Resources */,
				9BBBA6B62176EFCB00C3CF6B /* icon_tabbar_merchant_normal@2x.png in Resources */,
				9BBBA6BD2176EFCB00C3CF6B /* MBHUD_Success@3x.png in Resources */,
				71719F9F1E33DC2100824A3D /* LaunchScreen.storyboard in Resources */,
				9BBBA6C22176EFCB00C3CF6B /* close_icon@3x.png in Resources */,
				9BBBA6A22176EFCA00C3CF6B /* icon_tabbar_nearby_selected.png in Resources */,
				9BBBA69F2176EFCA00C3CF6B /* DazFire.png in Resources */,
				9BBBA6B72176EFCB00C3CF6B /* icon_tabbar_misc@2x.png in Resources */,
				9BBBA6AB2176EFCB00C3CF6B /* icon_tabbar_onsite_selected@2x.png in Resources */,
				6003F5A9195388D20070C39A /* Images.xcassets in Resources */,
				9BBBA6B22176EFCB00C3CF6B /* icon_tabbar_onsite@2x.png in Resources */,
				9BBBA6A02176EFCA00C3CF6B /* snow.png in Resources */,
				9BBBA6A62176EFCB00C3CF6B /* icon_tabbar_merchant_selected@2x.png in Resources */,
				9BBBA6BC2176EFCB00C3CF6B /* MBHUD_Info@2x.png in Resources */,
				9BBBA6B52176EFCB00C3CF6B /* icon_tabbar_merchant_normal.png in Resources */,
				6003F598195388D20070C39A /* InfoPlist.strings in Resources */,
				9BBBA6B82176EFCB00C3CF6B /* icon_tabbar_mine_selected.png in Resources */,
				9BBBA6B12176EFCB00C3CF6B /* icon_tabbar_homepage_selected@2x.png in Resources */,
				9BBBA6A72176EFCB00C3CF6B /* icon_tabbar_homepage@2x.png in Resources */,
				9BBBA6AA2176EFCB00C3CF6B /* icon_tabbar_misc_selected.png in Resources */,
				9BBBA6AE2176EFCB00C3CF6B /* icon_tabbar_discovery.png in Resources */,
				9BBBA6BB2176EFCB00C3CF6B /* MBHUD_Info@3x.png in Resources */,
				9BBBA6AD2176EFCB00C3CF6B /* icon_tabbar_mine_selected@2x.png in Resources */,
				9BBBA6C02176EFCB00C3CF6B /* MBHUD_Warn@2x.png in Resources */,
				9BBBA6A82176EFCB00C3CF6B /* icon_tabbar_misc_selected@2x.png in Resources */,
				9BBBA6B32176EFCB00C3CF6B /* icon_tabbar_mine.png in Resources */,
			);
			runOnlyForDeploymentPostprocessing = 0;
		};
		6003F5AC195388D20070C39A /* Resources */ = {
			isa = PBXResourcesBuildPhase;
			buildActionMask = 2147483647;
			files = (
				6003F5BA195388D20070C39A /* InfoPlist.strings in Resources */,
			);
			runOnlyForDeploymentPostprocessing = 0;
		};
/* End PBXResourcesBuildPhase section */

/* Begin PBXShellScriptBuildPhase section */
		75F7B50AD841F6D4BAD33108 /* [CP] Embed Pods Frameworks */ = {
			isa = PBXShellScriptBuildPhase;
			buildActionMask = 2147483647;
			files = (
			);
			inputPaths = (
				"${PODS_ROOT}/Target Support Files/Pods-HZFrameWork_Example/Pods-HZFrameWork_Example-frameworks.sh",
				"${BUILT_PRODUCTS_DIR}/AFNetworking/AFNetworking.framework",
				"${BUILT_PRODUCTS_DIR}/HZFrameWork/HZFrameWork.framework",
				"${BUILT_PRODUCTS_DIR}/Masonry/Masonry.framework",
				"${BUILT_PRODUCTS_DIR}/SDWebImage/SDWebImage.framework",
			);
			name = "[CP] Embed Pods Frameworks";
			outputPaths = (
				"${TARGET_BUILD_DIR}/${FRAMEWORKS_FOLDER_PATH}/AFNetworking.framework",
				"${TARGET_BUILD_DIR}/${FRAMEWORKS_FOLDER_PATH}/HZFrameWork.framework",
				"${TARGET_BUILD_DIR}/${FRAMEWORKS_FOLDER_PATH}/Masonry.framework",
				"${TARGET_BUILD_DIR}/${FRAMEWORKS_FOLDER_PATH}/SDWebImage.framework",
			);
			runOnlyForDeploymentPostprocessing = 0;
			shellPath = /bin/sh;
			shellScript = "\"${PODS_ROOT}/Target Support Files/Pods-HZFrameWork_Example/Pods-HZFrameWork_Example-frameworks.sh\"\n";
			showEnvVarsInLog = 0;
		};
		B60C924AD7122EB834B6FD1A /* [CP] Check Pods Manifest.lock */ = {
			isa = PBXShellScriptBuildPhase;
			buildActionMask = 2147483647;
			files = (
			);
			inputPaths = (
				"${PODS_PODFILE_DIR_PATH}/Podfile.lock",
				"${PODS_ROOT}/Manifest.lock",
			);
			name = "[CP] Check Pods Manifest.lock";
			outputPaths = (
				"$(DERIVED_FILE_DIR)/Pods-HZFrameWork_Example-checkManifestLockResult.txt",
			);
			runOnlyForDeploymentPostprocessing = 0;
			shellPath = /bin/sh;
			shellScript = "diff \"${PODS_PODFILE_DIR_PATH}/Podfile.lock\" \"${PODS_ROOT}/Manifest.lock\" > /dev/null\nif [ $? != 0 ] ; then\n    # print error to STDERR\n    echo \"error: The sandbox is not in sync with the Podfile.lock. Run 'pod install' or update your CocoaPods installation.\" >&2\n    exit 1\nfi\n# This output is used by Xcode 'outputs' to avoid re-running this script phase.\necho \"SUCCESS\" > \"${SCRIPT_OUTPUT_FILE_0}\"\n";
			showEnvVarsInLog = 0;
		};
		F68B9CD75B7A328244DD913B /* [CP] Check Pods Manifest.lock */ = {
			isa = PBXShellScriptBuildPhase;
			buildActionMask = 2147483647;
			files = (
			);
			inputPaths = (
				"${PODS_PODFILE_DIR_PATH}/Podfile.lock",
				"${PODS_ROOT}/Manifest.lock",
			);
			name = "[CP] Check Pods Manifest.lock";
			outputPaths = (
				"$(DERIVED_FILE_DIR)/Pods-HZFrameWork_Tests-checkManifestLockResult.txt",
			);
			runOnlyForDeploymentPostprocessing = 0;
			shellPath = /bin/sh;
			shellScript = "diff \"${PODS_PODFILE_DIR_PATH}/Podfile.lock\" \"${PODS_ROOT}/Manifest.lock\" > /dev/null\nif [ $? != 0 ] ; then\n    # print error to STDERR\n    echo \"error: The sandbox is not in sync with the Podfile.lock. Run 'pod install' or update your CocoaPods installation.\" >&2\n    exit 1\nfi\n# This output is used by Xcode 'outputs' to avoid re-running this script phase.\necho \"SUCCESS\" > \"${SCRIPT_OUTPUT_FILE_0}\"\n";
			showEnvVarsInLog = 0;
		};
/* End PBXShellScriptBuildPhase section */

/* Begin PBXSourcesBuildPhase section */
		6003F586195388D20070C39A /* Sources */ = {
			isa = PBXSourcesBuildPhase;
			buildActionMask = 2147483647;
			files = (
				9BBBA6D72177089F00C3CF6B /* HZNetworkModel.m in Sources */,
				9BBBA6572176DBA900C3CF6B /* BaseViewController.m in Sources */,
				9B2CCDCC2178306700A3AAC8 /* HZNetWorkSettingViewController.m in Sources */,
				9BBBA6E9217724EE00C3CF6B /* HZNetWorkDownLoadViewController.m in Sources */,
				9BBBA66B2176E69500C3CF6B /* HZDiscoverViewController.m in Sources */,
				9BBBA6742176E7A300C3CF6B /* BaseNavigationController.m in Sources */,
				9BBBA61121760DC400C3CF6B /* UIView+Frame.m in Sources */,
				9BBBA6D42177073000C3CF6B /* HZNetworkViewController.m in Sources */,
				6003F59E195388D20070C39A /* AppDelegate.m in Sources */,
				9BBBA6712176E6AC00C3CF6B /* HZMineViewController.m in Sources */,
				9BBBA60D21760C8100C3CF6B /* HZCollectionViewController.m in Sources */,
				9BBBA6D02176F6F600C3CF6B /* AppDelegate+PushService.m in Sources */,
				9BBBA6CD2176F6D200C3CF6B /* AppDelegate+AppService.m in Sources */,
				9B2CCDCF2178349300A3AAC8 /* HZoffLineDownLoadViewController.m in Sources */,
				9BBBA60E21760C8100C3CF6B /* HZTableViewController.m in Sources */,
				9BBBA66E2176E6A200C3CF6B /* HZMessageViewController.m in Sources */,
				6003F59A195388D20070C39A /* main.m in Sources */,
				9BBBA6DF2177140800C3CF6B /* UIView+Category.m in Sources */,
				9BBBA6612176E4E900C3CF6B /* BaseTabBarController.m in Sources */,
				9BBBA6682176E68200C3CF6B /* HZHomeViewController.m in Sources */,
				9BBBA65E2176DF9000C3CF6B /* UITabBar+CustomBadge.m in Sources */,
				9BBBA65B2176DE3B00C3CF6B /* BaseTabBar.m in Sources */,
				9B2CCDD2217866F900A3AAC8 /* HZDetailViewController.m in Sources */,
				9BBBA6DA21770BC600C3CF6B /* UIImage+Category.m in Sources */,
			);
			runOnlyForDeploymentPostprocessing = 0;
		};
		6003F5AA195388D20070C39A /* Sources */ = {
			isa = PBXSourcesBuildPhase;
			buildActionMask = 2147483647;
			files = (
				6003F5BC195388D20070C39A /* Tests.m in Sources */,
			);
			runOnlyForDeploymentPostprocessing = 0;
		};
/* End PBXSourcesBuildPhase section */

/* Begin PBXTargetDependency section */
		6003F5B4195388D20070C39A /* PBXTargetDependency */ = {
			isa = PBXTargetDependency;
			target = 6003F589195388D20070C39A /* HZFrameWork_Example */;
			targetProxy = 6003F5B3195388D20070C39A /* PBXContainerItemProxy */;
		};
/* End PBXTargetDependency section */

/* Begin PBXVariantGroup section */
		6003F596195388D20070C39A /* InfoPlist.strings */ = {
			isa = PBXVariantGroup;
			children = (
				6003F597195388D20070C39A /* en */,
			);
			name = InfoPlist.strings;
			sourceTree = "<group>";
		};
		6003F5B8195388D20070C39A /* InfoPlist.strings */ = {
			isa = PBXVariantGroup;
			children = (
				6003F5B9195388D20070C39A /* en */,
			);
			name = InfoPlist.strings;
			sourceTree = "<group>";
		};
		71719F9D1E33DC2100824A3D /* LaunchScreen.storyboard */ = {
			isa = PBXVariantGroup;
			children = (
				71719F9E1E33DC2100824A3D /* Base */,
			);
			name = LaunchScreen.storyboard;
			sourceTree = "<group>";
		};
/* End PBXVariantGroup section */

/* Begin XCBuildConfiguration section */
		6003F5BD195388D20070C39A /* Debug */ = {
			isa = XCBuildConfiguration;
			buildSettings = {
				ALWAYS_SEARCH_USER_PATHS = NO;
				CLANG_CXX_LANGUAGE_STANDARD = "gnu++0x";
				CLANG_CXX_LIBRARY = "libc++";
				CLANG_ENABLE_MODULES = YES;
				CLANG_ENABLE_OBJC_ARC = YES;
				CLANG_WARN_BOOL_CONVERSION = YES;
				CLANG_WARN_CONSTANT_CONVERSION = YES;
				CLANG_WARN_DIRECT_OBJC_ISA_USAGE = YES_ERROR;
				CLANG_WARN_EMPTY_BODY = YES;
				CLANG_WARN_ENUM_CONVERSION = YES;
				CLANG_WARN_INT_CONVERSION = YES;
				CLANG_WARN_OBJC_ROOT_CLASS = YES_ERROR;
				CLANG_WARN__DUPLICATE_METHOD_MATCH = YES;
				"CODE_SIGN_IDENTITY[sdk=iphoneos*]" = "iPhone Developer";
				COPY_PHASE_STRIP = NO;
				ENABLE_TESTABILITY = YES;
				GCC_C_LANGUAGE_STANDARD = gnu99;
				GCC_DYNAMIC_NO_PIC = NO;
				GCC_OPTIMIZATION_LEVEL = 0;
				GCC_PREPROCESSOR_DEFINITIONS = (
					"DEBUG=1",
					"$(inherited)",
				);
				GCC_SYMBOLS_PRIVATE_EXTERN = NO;
				GCC_WARN_64_TO_32_BIT_CONVERSION = YES;
				GCC_WARN_ABOUT_RETURN_TYPE = YES_ERROR;
				GCC_WARN_UNDECLARED_SELECTOR = YES;
				GCC_WARN_UNINITIALIZED_AUTOS = YES_AGGRESSIVE;
				GCC_WARN_UNUSED_FUNCTION = YES;
				GCC_WARN_UNUSED_VARIABLE = YES;
				IPHONEOS_DEPLOYMENT_TARGET = 9.3;
				ONLY_ACTIVE_ARCH = YES;
				SDKROOT = iphoneos;
				TARGETED_DEVICE_FAMILY = "1,2";
			};
			name = Debug;
		};
		6003F5BE195388D20070C39A /* Release */ = {
			isa = XCBuildConfiguration;
			buildSettings = {
				ALWAYS_SEARCH_USER_PATHS = NO;
				CLANG_CXX_LANGUAGE_STANDARD = "gnu++0x";
				CLANG_CXX_LIBRARY = "libc++";
				CLANG_ENABLE_MODULES = YES;
				CLANG_ENABLE_OBJC_ARC = YES;
				CLANG_WARN_BOOL_CONVERSION = YES;
				CLANG_WARN_CONSTANT_CONVERSION = YES;
				CLANG_WARN_DIRECT_OBJC_ISA_USAGE = YES_ERROR;
				CLANG_WARN_EMPTY_BODY = YES;
				CLANG_WARN_ENUM_CONVERSION = YES;
				CLANG_WARN_INT_CONVERSION = YES;
				CLANG_WARN_OBJC_ROOT_CLASS = YES_ERROR;
				CLANG_WARN__DUPLICATE_METHOD_MATCH = YES;
				"CODE_SIGN_IDENTITY[sdk=iphoneos*]" = "iPhone Developer";
				COPY_PHASE_STRIP = YES;
				ENABLE_NS_ASSERTIONS = NO;
				GCC_C_LANGUAGE_STANDARD = gnu99;
				GCC_WARN_64_TO_32_BIT_CONVERSION = YES;
				GCC_WARN_ABOUT_RETURN_TYPE = YES_ERROR;
				GCC_WARN_UNDECLARED_SELECTOR = YES;
				GCC_WARN_UNINITIALIZED_AUTOS = YES_AGGRESSIVE;
				GCC_WARN_UNUSED_FUNCTION = YES;
				GCC_WARN_UNUSED_VARIABLE = YES;
				IPHONEOS_DEPLOYMENT_TARGET = 9.3;
				SDKROOT = iphoneos;
				TARGETED_DEVICE_FAMILY = "1,2";
				VALIDATE_PRODUCT = YES;
			};
			name = Release;
		};
		6003F5C0195388D20070C39A /* Debug */ = {
			isa = XCBuildConfiguration;
			baseConfigurationReference = 1E6FB97D4800A461106B5A87 /* Pods-HZFrameWork_Example.debug.xcconfig */;
			buildSettings = {
				ASSETCATALOG_COMPILER_APPICON_NAME = AppIcon;
				DEVELOPMENT_TEAM = 52293RKLWK;
				GCC_PRECOMPILE_PREFIX_HEADER = YES;
				GCC_PREFIX_HEADER = "HZFrameWork/HZFrameWork-Prefix.pch";
				INFOPLIST_FILE = "HZFrameWork/HZFrameWork-Info.plist";
				IPHONEOS_DEPLOYMENT_TARGET = 8.0;
				MODULE_NAME = ExampleApp;
				PRODUCT_BUNDLE_IDENTIFIER = "org.cocoapods.demo.${PRODUCT_NAME:rfc1034identifier}";
				PRODUCT_NAME = "$(TARGET_NAME)";
				TARGETED_DEVICE_FAMILY = 1;
				WRAPPER_EXTENSION = app;
			};
			name = Debug;
		};
		6003F5C1195388D20070C39A /* Release */ = {
			isa = XCBuildConfiguration;
			baseConfigurationReference = DA1EBF636EC74659689E1890 /* Pods-HZFrameWork_Example.release.xcconfig */;
			buildSettings = {
				ASSETCATALOG_COMPILER_APPICON_NAME = AppIcon;
				DEVELOPMENT_TEAM = 52293RKLWK;
				GCC_PRECOMPILE_PREFIX_HEADER = YES;
				GCC_PREFIX_HEADER = "HZFrameWork/HZFrameWork-Prefix.pch";
				INFOPLIST_FILE = "HZFrameWork/HZFrameWork-Info.plist";
				IPHONEOS_DEPLOYMENT_TARGET = 8.0;
				MODULE_NAME = ExampleApp;
				PRODUCT_BUNDLE_IDENTIFIER = "org.cocoapods.demo.${PRODUCT_NAME:rfc1034identifier}";
				PRODUCT_NAME = "$(TARGET_NAME)";
				TARGETED_DEVICE_FAMILY = 1;
				WRAPPER_EXTENSION = app;
			};
			name = Release;
		};
		6003F5C3195388D20070C39A /* Debug */ = {
			isa = XCBuildConfiguration;
			baseConfigurationReference = FD0B6604191701F2AB66AA3D /* Pods-HZFrameWork_Tests.debug.xcconfig */;
			buildSettings = {
				BUNDLE_LOADER = "$(TEST_HOST)";
				FRAMEWORK_SEARCH_PATHS = (
					"$(SDKROOT)/Developer/Library/Frameworks",
					"$(inherited)",
					"$(DEVELOPER_FRAMEWORKS_DIR)",
				);
				GCC_PRECOMPILE_PREFIX_HEADER = YES;
				GCC_PREFIX_HEADER = "Tests/Tests-Prefix.pch";
				GCC_PREPROCESSOR_DEFINITIONS = (
					"DEBUG=1",
					"$(inherited)",
				);
				INFOPLIST_FILE = "Tests/Tests-Info.plist";
				PRODUCT_BUNDLE_IDENTIFIER = "org.cocoapods.demo.${PRODUCT_NAME:rfc1034identifier}";
				PRODUCT_NAME = "$(TARGET_NAME)";
				TEST_HOST = "$(BUILT_PRODUCTS_DIR)/HZFrameWork_Example.app/HZFrameWork_Example";
				WRAPPER_EXTENSION = xctest;
			};
			name = Debug;
		};
		6003F5C4195388D20070C39A /* Release */ = {
			isa = XCBuildConfiguration;
			baseConfigurationReference = 1912641E6E0D20B7C8948918 /* Pods-HZFrameWork_Tests.release.xcconfig */;
			buildSettings = {
				BUNDLE_LOADER = "$(TEST_HOST)";
				FRAMEWORK_SEARCH_PATHS = (
					"$(SDKROOT)/Developer/Library/Frameworks",
					"$(inherited)",
					"$(DEVELOPER_FRAMEWORKS_DIR)",
				);
				GCC_PRECOMPILE_PREFIX_HEADER = YES;
				GCC_PREFIX_HEADER = "Tests/Tests-Prefix.pch";
				INFOPLIST_FILE = "Tests/Tests-Info.plist";
				PRODUCT_BUNDLE_IDENTIFIER = "org.cocoapods.demo.${PRODUCT_NAME:rfc1034identifier}";
				PRODUCT_NAME = "$(TARGET_NAME)";
				TEST_HOST = "$(BUILT_PRODUCTS_DIR)/HZFrameWork_Example.app/HZFrameWork_Example";
				WRAPPER_EXTENSION = xctest;
			};
			name = Release;
		};
/* End XCBuildConfiguration section */

/* Begin XCConfigurationList section */
		6003F585195388D10070C39A /* Build configuration list for PBXProject "HZFrameWork" */ = {
			isa = XCConfigurationList;
			buildConfigurations = (
				6003F5BD195388D20070C39A /* Debug */,
				6003F5BE195388D20070C39A /* Release */,
			);
			defaultConfigurationIsVisible = 0;
			defaultConfigurationName = Release;
		};
		6003F5BF195388D20070C39A /* Build configuration list for PBXNativeTarget "HZFrameWork_Example" */ = {
			isa = XCConfigurationList;
			buildConfigurations = (
				6003F5C0195388D20070C39A /* Debug */,
				6003F5C1195388D20070C39A /* Release */,
			);
			defaultConfigurationIsVisible = 0;
			defaultConfigurationName = Release;
		};
		6003F5C2195388D20070C39A /* Build configuration list for PBXNativeTarget "HZFrameWork_Tests" */ = {
			isa = XCConfigurationList;
			buildConfigurations = (
				6003F5C3195388D20070C39A /* Debug */,
				6003F5C4195388D20070C39A /* Release */,
			);
			defaultConfigurationIsVisible = 0;
			defaultConfigurationName = Release;
		};
/* End XCConfigurationList section */
	};
	rootObject = 6003F582195388D10070C39A /* Project object */;
}
